
Microsoft Visual Studio Solution File, Format Version 12.00
# Visual Studio Version 16
VisualStudioVersion = 16.0.28922.388
MinimumVisualStudioVersion = 10.0.40219.1
Project("{FAE04EC0-301F-11D3-BF4B-00C04F79EFBC}") = "01.UniquePINCodes", "01.UniquePINCodes\01.UniquePINCodes.csproj", "{7E4A933D-89DB-4D7A-A930-C3E10BE0C9A7}"
EndProject
Project("{FAE04EC0-301F-11D3-BF4B-00C04F79EFBC}") = "02.LettersCombinations", "02.LettersCombinations\02.LettersCombinations.csproj", "{A9B6B3D3-0C52-4B66-99ED-22F6BB41DDB3}"
EndProject
Global
	GlobalSection(SolutionConfigurationPlatforms) = preSolution
		Debug|Any CPU = Debug|Any CPU
		Release|Any CPU = Release|Any CPU
	EndGlobalSection
	GlobalSection(ProjectConfigurationPlatforms) = postSolution
		{7E4A933D-89DB-4D7A-A930-C3E10BE0C9A7}.Debug|Any CPU.ActiveCfg = Debug|Any CPU
		{7E4A933D-89DB-4D7A-A930-C3E10BE0C9A7}.Debug|Any CPU.Build.0 = Debug|Any CPU
		{7E4A933D-89DB-4D7A-A930-C3E10BE0C9A7}.Release|Any CPU.ActiveCfg = Release|Any CPU
		{7E4A933D-89DB-4D7A-A930-C3E10BE0C9A7}.Release|Any CPU.Build.0 = Release|Any CPU
		{A9B6B3D3-0C52-4B66-99ED-22F6BB41DDB3}.Debug|Any CPU.ActiveCfg = Debug|Any CPU
		{A9B6B3D3-0C52-4B66-99ED-22F6BB41DDB3}.Debug|Any CPU.Build.0 = Debug|Any CPU
		{A9B6B3D3-0C52-4B66-99ED-22F6BB41DDB3}.Release|Any CPU.ActiveCfg = Release|Any CPU
		{A9B6B3D3-0C52-4B66-99ED-22F6BB41DDB3}.Release|Any CPU.Build.0 = Release|Any CPU
	EndGlobalSection
	GlobalSection(SolutionProperties) = preSolution
		HideSolutionNode = FALSE
	EndGlobalSection
	GlobalSection(ExtensibilityGlobals) = postSolution
		SolutionGuid = {421AA975-0A87-464A-911B-A7B7FF3DA787}
	EndGlobalSection
EndGlobal
