
Microsoft Visual Studio Solution File, Format Version 12.00
# Visual Studio Version 16
VisualStudioVersion = 16.0.28922.388
MinimumVisualStudioVersion = 10.0.40219.1
Project("{FAE04EC0-301F-11D3-BF4B-00C04F79EFBC}") = "01.Matrix", "01.Matrix\01.Matrix.csproj", "{B21CB50D-EAD9-4CCB-9F56-2874C71475E0}"
EndProject
Project("{FAE04EC0-301F-11D3-BF4B-00C04F79EFBC}") = "02.NumberPyramid", "02.NumberPyramid\02.NumberPyramid.csproj", "{0D2D6638-C706-4AB2-9E5B-D136DE7A425D}"
EndProject
Global
	GlobalSection(SolutionConfigurationPlatforms) = preSolution
		Debug|Any CPU = Debug|Any CPU
		Release|Any CPU = Release|Any CPU
	EndGlobalSection
	GlobalSection(ProjectConfigurationPlatforms) = postSolution
		{B21CB50D-EAD9-4CCB-9F56-2874C71475E0}.Debug|Any CPU.ActiveCfg = Debug|Any CPU
		{B21CB50D-EAD9-4CCB-9F56-2874C71475E0}.Debug|Any CPU.Build.0 = Debug|Any CPU
		{B21CB50D-EAD9-4CCB-9F56-2874C71475E0}.Release|Any CPU.ActiveCfg = Release|Any CPU
		{B21CB50D-EAD9-4CCB-9F56-2874C71475E0}.Release|Any CPU.Build.0 = Release|Any CPU
		{0D2D6638-C706-4AB2-9E5B-D136DE7A425D}.Debug|Any CPU.ActiveCfg = Debug|Any CPU
		{0D2D6638-C706-4AB2-9E5B-D136DE7A425D}.Debug|Any CPU.Build.0 = Debug|Any CPU
		{0D2D6638-C706-4AB2-9E5B-D136DE7A425D}.Release|Any CPU.ActiveCfg = Release|Any CPU
		{0D2D6638-C706-4AB2-9E5B-D136DE7A425D}.Release|Any CPU.Build.0 = Release|Any CPU
	EndGlobalSection
	GlobalSection(SolutionProperties) = preSolution
		HideSolutionNode = FALSE
	EndGlobalSection
	GlobalSection(ExtensibilityGlobals) = postSolution
		SolutionGuid = {C53CBA6B-CC2D-4CE3-8626-01044FD9B8CC}
	EndGlobalSection
EndGlobal
