
Microsoft Visual Studio Solution File, Format Version 12.00
# Visual Studio Version 16
VisualStudioVersion = 16.0.28922.388
MinimumVisualStudioVersion = 10.0.40219.1
Project("{FAE04EC0-301F-11D3-BF4B-00C04F79EFBC}") = "01.TrapeziodArea", "01.TrapeziodArea\01.TrapeziodArea.csproj", "{6A1B0C0C-D67A-414A-9FE9-502E9EF57C45}"
EndProject
Project("{FAE04EC0-301F-11D3-BF4B-00C04F79EFBC}") = "02.TriangleArea", "02.TriangleArea\02.TriangleArea.csproj", "{E3316B9F-E06C-469A-9D7B-A51E8513C2E5}"
EndProject
Project("{FAE04EC0-301F-11D3-BF4B-00C04F79EFBC}") = "03.CelsiustoFahrenheit", "03.CelsiustoFahrenheit\03.CelsiustoFahrenheit.csproj", "{C310A245-D628-4584-8EA1-490ADEB49DD2}"
EndProject
Project("{FAE04EC0-301F-11D3-BF4B-00C04F79EFBC}") = "04.VegetableMarket", "04.VegetableMarket\04.VegetableMarket.csproj", "{82B82E22-A89E-41C3-B42F-44D476E28AC4}"
EndProject
Project("{FAE04EC0-301F-11D3-BF4B-00C04F79EFBC}") = "05.TrainingLab", "05.TrainingLab\05.TrainingLab.csproj", "{0EFF2DAE-15AD-40B1-8339-9FCCB3D46C88}"
EndProject
Project("{FAE04EC0-301F-11D3-BF4B-00C04F79EFBC}") = "06.Fishland", "06.Fishland\06.Fishland.csproj", "{81A8CBD0-15DA-4A9D-8241-A5E339C8F84E}"
EndProject
Project("{FAE04EC0-301F-11D3-BF4B-00C04F79EFBC}") = "07.HousePainting", "07.HousePainting\07.HousePainting.csproj", "{DEACB252-81D5-4FDB-A1B0-1333AC810C2E}"
EndProject
Project("{FAE04EC0-301F-11D3-BF4B-00C04F79EFBC}") = "08.WeatherForecast", "08.WeatherForecast\08.WeatherForecast.csproj", "{290D03A7-1145-4595-A19E-9E3AEA4927DD}"
EndProject
Project("{FAE04EC0-301F-11D3-BF4B-00C04F79EFBC}") = "09.WeatherForecast-Part2", "09.WeatherForecast-Part2\09.WeatherForecast-Part2.csproj", "{EF724C87-E0B4-4B57-AF4E-334D39F2908E}"
EndProject
Global
	GlobalSection(SolutionConfigurationPlatforms) = preSolution
		Debug|Any CPU = Debug|Any CPU
		Release|Any CPU = Release|Any CPU
	EndGlobalSection
	GlobalSection(ProjectConfigurationPlatforms) = postSolution
		{6A1B0C0C-D67A-414A-9FE9-502E9EF57C45}.Debug|Any CPU.ActiveCfg = Debug|Any CPU
		{6A1B0C0C-D67A-414A-9FE9-502E9EF57C45}.Debug|Any CPU.Build.0 = Debug|Any CPU
		{6A1B0C0C-D67A-414A-9FE9-502E9EF57C45}.Release|Any CPU.ActiveCfg = Release|Any CPU
		{6A1B0C0C-D67A-414A-9FE9-502E9EF57C45}.Release|Any CPU.Build.0 = Release|Any CPU
		{E3316B9F-E06C-469A-9D7B-A51E8513C2E5}.Debug|Any CPU.ActiveCfg = Debug|Any CPU
		{E3316B9F-E06C-469A-9D7B-A51E8513C2E5}.Debug|Any CPU.Build.0 = Debug|Any CPU
		{E3316B9F-E06C-469A-9D7B-A51E8513C2E5}.Release|Any CPU.ActiveCfg = Release|Any CPU
		{E3316B9F-E06C-469A-9D7B-A51E8513C2E5}.Release|Any CPU.Build.0 = Release|Any CPU
		{C310A245-D628-4584-8EA1-490ADEB49DD2}.Debug|Any CPU.ActiveCfg = Debug|Any CPU
		{C310A245-D628-4584-8EA1-490ADEB49DD2}.Debug|Any CPU.Build.0 = Debug|Any CPU
		{C310A245-D628-4584-8EA1-490ADEB49DD2}.Release|Any CPU.ActiveCfg = Release|Any CPU
		{C310A245-D628-4584-8EA1-490ADEB49DD2}.Release|Any CPU.Build.0 = Release|Any CPU
		{82B82E22-A89E-41C3-B42F-44D476E28AC4}.Debug|Any CPU.ActiveCfg = Debug|Any CPU
		{82B82E22-A89E-41C3-B42F-44D476E28AC4}.Debug|Any CPU.Build.0 = Debug|Any CPU
		{82B82E22-A89E-41C3-B42F-44D476E28AC4}.Release|Any CPU.ActiveCfg = Release|Any CPU
		{82B82E22-A89E-41C3-B42F-44D476E28AC4}.Release|Any CPU.Build.0 = Release|Any CPU
		{0EFF2DAE-15AD-40B1-8339-9FCCB3D46C88}.Debug|Any CPU.ActiveCfg = Debug|Any CPU
		{0EFF2DAE-15AD-40B1-8339-9FCCB3D46C88}.Debug|Any CPU.Build.0 = Debug|Any CPU
		{0EFF2DAE-15AD-40B1-8339-9FCCB3D46C88}.Release|Any CPU.ActiveCfg = Release|Any CPU
		{0EFF2DAE-15AD-40B1-8339-9FCCB3D46C88}.Release|Any CPU.Build.0 = Release|Any CPU
		{81A8CBD0-15DA-4A9D-8241-A5E339C8F84E}.Debug|Any CPU.ActiveCfg = Debug|Any CPU
		{81A8CBD0-15DA-4A9D-8241-A5E339C8F84E}.Debug|Any CPU.Build.0 = Debug|Any CPU
		{81A8CBD0-15DA-4A9D-8241-A5E339C8F84E}.Release|Any CPU.ActiveCfg = Release|Any CPU
		{81A8CBD0-15DA-4A9D-8241-A5E339C8F84E}.Release|Any CPU.Build.0 = Release|Any CPU
		{DEACB252-81D5-4FDB-A1B0-1333AC810C2E}.Debug|Any CPU.ActiveCfg = Debug|Any CPU
		{DEACB252-81D5-4FDB-A1B0-1333AC810C2E}.Debug|Any CPU.Build.0 = Debug|Any CPU
		{DEACB252-81D5-4FDB-A1B0-1333AC810C2E}.Release|Any CPU.ActiveCfg = Release|Any CPU
		{DEACB252-81D5-4FDB-A1B0-1333AC810C2E}.Release|Any CPU.Build.0 = Release|Any CPU
		{290D03A7-1145-4595-A19E-9E3AEA4927DD}.Debug|Any CPU.ActiveCfg = Debug|Any CPU
		{290D03A7-1145-4595-A19E-9E3AEA4927DD}.Debug|Any CPU.Build.0 = Debug|Any CPU
		{290D03A7-1145-4595-A19E-9E3AEA4927DD}.Release|Any CPU.ActiveCfg = Release|Any CPU
		{290D03A7-1145-4595-A19E-9E3AEA4927DD}.Release|Any CPU.Build.0 = Release|Any CPU
		{EF724C87-E0B4-4B57-AF4E-334D39F2908E}.Debug|Any CPU.ActiveCfg = Debug|Any CPU
		{EF724C87-E0B4-4B57-AF4E-334D39F2908E}.Debug|Any CPU.Build.0 = Debug|Any CPU
		{EF724C87-E0B4-4B57-AF4E-334D39F2908E}.Release|Any CPU.ActiveCfg = Release|Any CPU
		{EF724C87-E0B4-4B57-AF4E-334D39F2908E}.Release|Any CPU.Build.0 = Release|Any CPU
	EndGlobalSection
	GlobalSection(SolutionProperties) = preSolution
		HideSolutionNode = FALSE
	EndGlobalSection
	GlobalSection(ExtensibilityGlobals) = postSolution
		SolutionGuid = {7E53C511-73F7-4E13-AFD2-3EF2DB7A379E}
	EndGlobalSection
EndGlobal
