
Microsoft Visual Studio Solution File, Format Version 12.00
# Visual Studio Version 16
VisualStudioVersion = 16.0.28922.388
MinimumVisualStudioVersion = 10.0.40219.1
Project("{FAE04EC0-301F-11D3-BF4B-00C04F79EFBC}") = "01.BackToThePast", "01.BackToThePast\01.BackToThePast.csproj", "{D8409963-722F-4CD6-8FF7-2E86066DF6AA}"
EndProject
Project("{FAE04EC0-301F-11D3-BF4B-00C04F79EFBC}") = "02.Hospital", "02.Hospital\02.Hospital.csproj", "{D186B3F0-4BC0-4557-8095-9F0F0B4EA6F5}"
EndProject
Global
	GlobalSection(SolutionConfigurationPlatforms) = preSolution
		Debug|Any CPU = Debug|Any CPU
		Release|Any CPU = Release|Any CPU
	EndGlobalSection
	GlobalSection(ProjectConfigurationPlatforms) = postSolution
		{D8409963-722F-4CD6-8FF7-2E86066DF6AA}.Debug|Any CPU.ActiveCfg = Debug|Any CPU
		{D8409963-722F-4CD6-8FF7-2E86066DF6AA}.Debug|Any CPU.Build.0 = Debug|Any CPU
		{D8409963-722F-4CD6-8FF7-2E86066DF6AA}.Release|Any CPU.ActiveCfg = Release|Any CPU
		{D8409963-722F-4CD6-8FF7-2E86066DF6AA}.Release|Any CPU.Build.0 = Release|Any CPU
		{D186B3F0-4BC0-4557-8095-9F0F0B4EA6F5}.Debug|Any CPU.ActiveCfg = Debug|Any CPU
		{D186B3F0-4BC0-4557-8095-9F0F0B4EA6F5}.Debug|Any CPU.Build.0 = Debug|Any CPU
		{D186B3F0-4BC0-4557-8095-9F0F0B4EA6F5}.Release|Any CPU.ActiveCfg = Release|Any CPU
		{D186B3F0-4BC0-4557-8095-9F0F0B4EA6F5}.Release|Any CPU.Build.0 = Release|Any CPU
	EndGlobalSection
	GlobalSection(SolutionProperties) = preSolution
		HideSolutionNode = FALSE
	EndGlobalSection
	GlobalSection(ExtensibilityGlobals) = postSolution
		SolutionGuid = {FADD0F43-4EC2-44FD-A266-9A46C6E85E34}
	EndGlobalSection
EndGlobal
